
Microsoft Visual Studio Solution File, Format Version 12.00
# Visual Studio 15
VisualStudioVersion = 15.0.26430.13
MinimumVisualStudioVersion = 10.0.40219.1
Project("{9A19103F-16F7-4668-BE54-9A1E7A4F7556}") = "_build", "build\_build.csproj", "{089233B5-69FC-46B1-9281-8506CBB30A66}"
EndProject
Project("{2150E333-8FDC-42A3-9474-1A3956D46DE8}") = "misc", "misc", "{7C019B47-B873-4307-943A-448B40D8FE93}"
	ProjectSection(SolutionItems) = preProject
		.editorconfig = .editorconfig
		.gitignore = .gitignore
		LICENSE = LICENSE
		nuke-web.sln.DotSettings = nuke-web.sln.DotSettings
		projects.yml = projects.yml
	EndProjectSection
EndProject
Project("{9A19103F-16F7-4668-BE54-9A1E7A4F7556}") = "source", "source\source.csproj", "{637692B6-18D5-4145-99DA-FEDE611A3533}"
EndProject
Global
	GlobalSection(SolutionConfigurationPlatforms) = preSolution
		Debug|Any CPU = Debug|Any CPU
		Release|Any CPU = Release|Any CPU
	EndGlobalSection
	GlobalSection(ProjectConfigurationPlatforms) = postSolution
		{089233B5-69FC-46B1-9281-8506CBB30A66}.Debug|Any CPU.ActiveCfg = Debug|Any CPU
		{089233B5-69FC-46B1-9281-8506CBB30A66}.Release|Any CPU.ActiveCfg = Release|Any CPU
		{637692B6-18D5-4145-99DA-FEDE611A3533}.Debug|Any CPU.ActiveCfg = Debug|Any CPU
		{637692B6-18D5-4145-99DA-FEDE611A3533}.Debug|Any CPU.Build.0 = Debug|Any CPU
		{637692B6-18D5-4145-99DA-FEDE611A3533}.Release|Any CPU.ActiveCfg = Release|Any CPU
		{637692B6-18D5-4145-99DA-FEDE611A3533}.Release|Any CPU.Build.0 = Release|Any CPU
	EndGlobalSection
	GlobalSection(SolutionProperties) = preSolution
		HideSolutionNode = FALSE
	EndGlobalSection
	GlobalSection(ExtensibilityGlobals) = postSolution
		SolutionGuid = {B20A6AF6-B6AB-4497-818F-86F8BD4F0654}
	EndGlobalSection
EndGlobal
